{
  "name": "psd-to-svg",
  "version": "0.1.2",
  "lockfileVersion": 1,
  "requires": true,
  "dependencies": {
    "cb2p": {
      "version": "1.1.1",
      "resolved": "https://registry.npmjs.org/cb2p/-/cb2p-1.1.1.tgz",
      "integrity": "sha512-1hhH58DasevwVG0iRceWPgJw+nG7K2ocPAn6GuYVdP1P/6B2xqteQPVHIsn2CKAI1IH67KYZclxU9tGZfTp4Iw=="
    },
    "co": {
      "version": "4.6.0",
      "resolved": "https://registry.npmjs.org/co/-/co-4.6.0.tgz",
      "integrity": "sha1-bqa989hTrlTMuOR7+gvz+QMfsYQ="
    },
    "coffee-script": {
      "version": "1.7.1",
      "resolved": "https://registry.npmjs.org/coffee-script/-/coffee-script-1.7.1.tgz",
      "integrity": "sha1-YplqhheAx15tUGnROCJyO3NAS/w=",
      "requires": {
        "mkdirp": "0.3.5"
      }
    },
    "coffeescript-module": {
      "version": "0.2.1",
      "resolved": "https://registry.npmjs.org/coffeescript-module/-/coffeescript-module-0.2.1.tgz",
      "integrity": "sha1-LGGqhpg8rNImcZ+fHdqSPLCuZ7A="
    },
    "debug": {
      "version": "2.6.9",
      "resolved": "https://registry.npmjs.org/debug/-/debug-2.6.9.tgz",
      "integrity": "sha512-bC7ElrdJaJnPbAP+1EotYvqZsb3ecl5wi6Bfi6BJTUcNowp6cvspg0jXznRTKDjm/E7AdgFBVeAPVMNcKGsHMA==",
      "requires": {
        "ms": "2.0.0"
      }
    },
    "iconv-lite": {
      "version": "0.4.19",
      "resolved": "https://registry.npmjs.org/iconv-lite/-/iconv-lite-0.4.19.tgz",
      "integrity": "sha512-oTZqweIP51xaGPI4uPa56/Pri/480R+mo7SeU+YETByQNhDG55ycFyNLIgta9vXhILrxXDmF7ZGhqZIcuN0gJQ=="
    },
    "inherits": {
      "version": "2.0.1",
      "resolved": "https://registry.npmjs.org/inherits/-/inherits-2.0.1.tgz",
      "integrity": "sha1-sX0I0ya0Qj5Wjv9xn5GwscvfafE="
    },
    "jspack": {
      "version": "0.0.4",
      "resolved": "https://registry.npmjs.org/jspack/-/jspack-0.0.4.tgz",
      "integrity": "sha1-Mt01x/3LPjRWwY+7fvntC8YjgXc="
    },
    "lodash": {
      "version": "2.4.2",
      "resolved": "https://registry.npmjs.org/lodash/-/lodash-2.4.2.tgz",
      "integrity": "sha1-+t2DS5aDBz2hebPq5tnA0VBT9z4="
    },
    "mkdirp": {
      "version": "0.3.5",
      "resolved": "https://registry.npmjs.org/mkdirp/-/mkdirp-0.3.5.tgz",
      "integrity": "sha1-3j5fiWHIjHh+4TaN+EmsRBPsqNc="
    },
    "ms": {
      "version": "2.0.0",
      "resolved": "https://registry.npmjs.org/ms/-/ms-2.0.0.tgz",
      "integrity": "sha1-VgiurfwAvmwpAd9fmGF4jeDVl8g="
    },
    "node-getopt": {
      "version": "0.2.3",
      "resolved": "https://registry.npmjs.org/node-getopt/-/node-getopt-0.2.3.tgz",
      "integrity": "sha1-aau8flQAYA0drPANuMt5tUh+kks="
    },
    "parse-engine-data": {
      "version": "0.1.2",
      "resolved": "https://registry.npmjs.org/parse-engine-data/-/parse-engine-data-0.1.2.tgz",
      "integrity": "sha1-UWH2EzyYiPUhVezO1CcWV13+oFI=",
      "requires": {
        "iconv-lite": "0.4.19"
      }
    },
    "pngjs": {
      "version": "3.2.0",
      "resolved": "https://registry.npmjs.org/pngjs/-/pngjs-3.2.0.tgz",
      "integrity": "sha1-/J/OoaijddpUpRFIAZ1avUHbq94="
    },
    "psd": {
      "version": "3.2.0",
      "resolved": "https://registry.npmjs.org/psd/-/psd-3.2.0.tgz",
      "integrity": "sha512-T3xchHRLA0IuahyaX3Q4/Ml0nRbjWX5QIFw0JK2OxFBnCfJzZwFiGqJ4N93KHfvxuy0NXJdcvr1xYy6AKDVytw==",
      "requires": {
        "coffee-script": "1.7.1",
        "coffeescript-module": "0.2.1",
        "iconv-lite": "0.4.19",
        "jspack": "0.0.4",
        "lodash": "2.4.2",
        "parse-engine-data": "0.1.2",
        "pngjs": "3.2.0",
        "rsvp": "3.0.21"
      }
    },
    "rsvp": {
      "version": "3.0.21",
      "resolved": "https://registry.npmjs.org/rsvp/-/rsvp-3.0.21.tgz",
      "integrity": "sha1-ScWI/hjvKTvNCrn05nVuasQzNZ8="
    },
    "util": {
      "version": "0.10.3",
      "resolved": "https://registry.npmjs.org/util/-/util-0.10.3.tgz",
      "integrity": "sha1-evsa/lCAUkZInj23/g7TeTNqwPk=",
      "requires": {
        "inherits": "2.0.1"
      }
    }
  }
}
